{
  "version": 4,
  "terraform_version": "0.12.28",
  "serial": 114,
  "lineage": "0cc40608-b57f-dcc2-2887-7e8873d122bf",
  "outputs": {},
  "resources": [
    {
      "module": "module.app_ecs_cluster",
      "mode": "managed",
      "type": "aws_ecs_cluster",
      "name": "main",
      "provider": "provider.aws",
      "instances": [
        {
          "schema_version": 0,
          "attributes": {
            "arn": "arn:aws:ecs:ap-northeast-1:463733181085:cluster/kosenctfx-challenges-dev",
            "capacity_providers": [],
            "default_capacity_provider_strategy": [],
            "id": "arn:aws:ecs:ap-northeast-1:463733181085:cluster/kosenctfx-challenges-dev",
            "name": "kosenctfx-challenges-dev",
            "setting": [
              {
                "name": "containerInsights",
                "value": "disabled"
              }
            ],
            "tags": {}
          }
        }
      ]
    },
    {
      "module": "module.app_ecs_cluster",
      "mode": "managed",
      "type": "aws_iam_role_policy_attachment",
      "name": "ecs_instance_role_policy",
      "each": "list",
      "provider": "provider.aws",
      "instances": []
    }
  ]
}
